<?xml version="1.0" encoding="utf-8"?>
<Project ToolsVersion="4.0" xmlns="http://schemas.microsoft.com/developer/msbuild/2003">
  <ItemGroup>
    <ClCompile Include="Tile.cpp" />
    <ClCompile Include="TileMap.cpp" />
    <ClCompile Include="DeltaTime.cpp">
      <Filter>Source</Filter>
    </ClCompile>
    <ClCompile Include="GameState.cpp">
      <Filter>Game States</Filter>
    </ClCompile>
    <ClCompile Include="GameObject.cpp">
      <Filter>Game Object</Filter>
    </ClCompile>
    <ClCompile Include="Game.cpp">
      <Filter>Source</Filter>
    </ClCompile>
    <ClCompile Include="Level.cpp">
      <Filter>Level</Filter>
    </ClCompile>
    <ClCompile Include="main.cpp">
      <Filter>Source</Filter>
    </ClCompile>
    <ClCompile Include="Line.cpp">
      <Filter>Ray casting</Filter>
    </ClCompile>
    <ClCompile Include="Ray.cpp">
      <Filter>Ray casting</Filter>
    </ClCompile>
    <ClCompile Include="ResourceManager.cpp">
      <Filter>Resource Manager</Filter>
    </ClCompile>
    <ClCompile Include="Grid.cpp">
      <Filter>Level</Filter>
    </ClCompile>
    <ClCompile Include="SoundManager.cpp">
      <Filter>Sound Manager</Filter>
    </ClCompile>
    <ClCompile Include="PlayState.cpp">
      <Filter>Game States\Playstate</Filter>
    </ClCompile>
    <ClCompile Include="JoelState.cpp">
      <Filter>Game States\Joel State</Filter>
    </ClCompile>
    <ClCompile Include="SimonState.cpp">
      <Filter>Game States\Simon State</Filter>
    </ClCompile>
    <ClCompile Include="Node.cpp">
      <Filter>Level\Tiles</Filter>
    </ClCompile>
  </ItemGroup>
  <ItemGroup>
    <ClInclude Include="Tile.h" />
    <ClInclude Include="TileMap.h" />
    <ClInclude Include="DeltaTime.h">
      <Filter>Header</Filter>
    </ClInclude>
    <ClInclude Include="GameState.h">
      <Filter>Game States</Filter>
    </ClInclude>
    <ClInclude Include="GameObject.h">
      <Filter>Game Object</Filter>
    </ClInclude>
    <ClInclude Include="Game.h">
      <Filter>Header</Filter>
    </ClInclude>
    <ClInclude Include="Level.h">
      <Filter>Level</Filter>
    </ClInclude>
    <ClInclude Include="Line.h">
      <Filter>Ray casting</Filter>
    </ClInclude>
    <ClInclude Include="Ray.h">
      <Filter>Ray casting</Filter>
    </ClInclude>
    <ClInclude Include="ResourceManager.h">
      <Filter>Resource Manager</Filter>
    </ClInclude>
    <ClInclude Include="Utils.h">
      <Filter>Utils</Filter>
    </ClInclude>
    <ClInclude Include="Grid.h">
      <Filter>Level</Filter>
    </ClInclude>
    <ClInclude Include="SoundManager.h">
      <Filter>Sound Manager</Filter>
    </ClInclude>
    <ClInclude Include="PlayState.h">
      <Filter>Game States\Playstate</Filter>
    </ClInclude>
    <ClInclude Include="JoelState.h">
      <Filter>Game States\Joel State</Filter>
    </ClInclude>
    <ClInclude Include="SimonState.h">
      <Filter>Game States\Simon State</Filter>
    </ClInclude>
    <ClInclude Include="Node.h">
      <Filter>Level\Tiles</Filter>
    </ClInclude>
  </ItemGroup>
  <ItemGroup>
    <Filter Include="Source">
      <UniqueIdentifier>{91769c6e-a8a3-485b-90d0-fd21530e785c}</UniqueIdentifier>
    </Filter>
    <Filter Include="Header">
      <UniqueIdentifier>{44ddce77-722d-4d01-b6ba-cd06ad7f30f7}</UniqueIdentifier>
    </Filter>
    <Filter Include="Game States">
      <UniqueIdentifier>{f799755d-4b89-4e76-b15c-9185d0a7d143}</UniqueIdentifier>
    </Filter>
    <Filter Include="Level">
      <UniqueIdentifier>{7199da79-3a41-4904-b38a-7c3bde2df1f0}</UniqueIdentifier>
    </Filter>
    <Filter Include="Game Object">
      <UniqueIdentifier>{160d6db3-8d68-4b0c-a4ed-bf2ad147325c}</UniqueIdentifier>
    </Filter>
    <Filter Include="Ray casting">
      <UniqueIdentifier>{941ec006-e233-4dca-8f0b-daa7d352caa9}</UniqueIdentifier>
    </Filter>
    <Filter Include="Resource Manager">
      <UniqueIdentifier>{ed3bbbac-1af1-4a99-9a9d-f19beb1e782c}</UniqueIdentifier>
    </Filter>
    <Filter Include="Utils">
      <UniqueIdentifier>{6a3d56d1-279f-4589-a4c6-f000947227dc}</UniqueIdentifier>
    </Filter>
    <Filter Include="Sound Manager">
      <UniqueIdentifier>{c39a8773-fac6-481a-856c-c4648a0206e3}</UniqueIdentifier>
    </Filter>
    <Filter Include="Game States\Playstate">
      <UniqueIdentifier>{cfcd0050-cf10-4201-84ca-3068b95d5cc9}</UniqueIdentifier>
    </Filter>
    <Filter Include="Game States\Joel State">
      <UniqueIdentifier>{420171bf-966e-4937-935c-342f279c22f1}</UniqueIdentifier>
    </Filter>
    <Filter Include="Game States\Simon State">
      <UniqueIdentifier>{65dc97a7-2f67-4e91-938c-34f9ec34892e}</UniqueIdentifier>
    </Filter>
    <Filter Include="Level\Tiles">
      <UniqueIdentifier>{0e280a81-8fd0-4ad7-801b-b86e30c7cb3b}</UniqueIdentifier>
    </Filter>
  </ItemGroup>
</Project>